
Microsoft Visual Studio Solution File, Format Version 12.00
# Visual Studio Version 16
VisualStudioVersion = 16.0.32126.315
MinimumVisualStudioVersion = 10.0.40219.1
Project("{FAE04EC0-301F-11D3-BF4B-00C04F79EFBC}") = "DIstancia", "DIstancia.csproj", "{4FCEC33B-8454-4E65-A3B3-865EC16AF7BA}"
EndProject
Global
	GlobalSection(SolutionConfigurationPlatforms) = preSolution
		Debug|Any CPU = Debug|Any CPU
		Release|Any CPU = Release|Any CPU
	EndGlobalSection
	GlobalSection(ProjectConfigurationPlatforms) = postSolution
		{4FCEC33B-8454-4E65-A3B3-865EC16AF7BA}.Debug|Any CPU.ActiveCfg = Debug|Any CPU
		{4FCEC33B-8454-4E65-A3B3-865EC16AF7BA}.Debug|Any CPU.Build.0 = Debug|Any CPU
		{4FCEC33B-8454-4E65-A3B3-865EC16AF7BA}.Release|Any CPU.ActiveCfg = Release|Any CPU
		{4FCEC33B-8454-4E65-A3B3-865EC16AF7BA}.Release|Any CPU.Build.0 = Release|Any CPU
	EndGlobalSection
	GlobalSection(SolutionProperties) = preSolution
		HideSolutionNode = FALSE
	EndGlobalSection
	GlobalSection(ExtensibilityGlobals) = postSolution
		SolutionGuid = {E4D84BDE-C624-47F5-B68B-21AA44DA0FCC}
	EndGlobalSection
EndGlobal
